
Microsoft Visual Studio Solution File, Format Version 12.00
# Visual Studio Version 16
VisualStudioVersion = 16.0.31613.86
MinimumVisualStudioVersion = 10.0.40219.1
Project("{FAE04EC0-301F-11D3-BF4B-00C04F79EFBC}") = "WebAPICRUD", "WebAPICRUD\WebAPICRUD.csproj", "{08FDD087-19A0-49A9-8DE0-3BE390CEA1DC}"
EndProject
Global
	GlobalSection(SolutionConfigurationPlatforms) = preSolution
		Debug|Any CPU = Debug|Any CPU
		Release|Any CPU = Release|Any CPU
	EndGlobalSection
	GlobalSection(ProjectConfigurationPlatforms) = postSolution
		{08FDD087-19A0-49A9-8DE0-3BE390CEA1DC}.Debug|Any CPU.ActiveCfg = Debug|Any CPU
		{08FDD087-19A0-49A9-8DE0-3BE390CEA1DC}.Debug|Any CPU.Build.0 = Debug|Any CPU
		{08FDD087-19A0-49A9-8DE0-3BE390CEA1DC}.Release|Any CPU.ActiveCfg = Release|Any CPU
		{08FDD087-19A0-49A9-8DE0-3BE390CEA1DC}.Release|Any CPU.Build.0 = Release|Any CPU
	EndGlobalSection
	GlobalSection(SolutionProperties) = preSolution
		HideSolutionNode = FALSE
	EndGlobalSection
	GlobalSection(ExtensibilityGlobals) = postSolution
		SolutionGuid = {F80D251A-6C3C-46AB-B77B-A0D1594B9B12}
	EndGlobalSection
EndGlobal
